{
  "schemaVersion": 1,
  "packages": [
    {
      "id": "script.module.simplejson",
      "version": "3.19.1+matrix.1",
      "url": "https://mirrors.kodi.tv/addons/omega/script.module.simplejson/script.module.simplejson-3.19.1+matrix.1.zip",
      "sha256": "7cf5d7000d9f07370f951a51e387b17ebcaf99d33341f376123dda1183858d19"
    },
    {
      "id": "script.bingie.helper",
      "version": "1.1.2",
      "url": "https://github.com/AchillesPunks/repository.titan.bingie.mod/raw/d9f334ecc33c7d0e137dd1728af18815c512e577/omega/script.bingie.helper/script.bingie.helper-1.1.2.zip",
      "sha256": "653b7391f5012a0a35867ec53e55045842efa02c4dca698ce8da0f5b39549358"
    },
    {
      "id": "script.module.unidecode",
      "version": "1.3.6",
      "url": "https://mirrors.kodi.tv/addons/omega/script.module.unidecode/script.module.unidecode-1.3.6.zip",
      "sha256": "f66257736002b479f9e109259d691113412a7f2215139aa5534d795d8d6925a7"
    },
    {
      "id": "script.module.simpleeval",
      "version": "0.9.13",
      "url": "https://mirrors.kodi.tv/addons/omega/script.module.simpleeval/script.module.simpleeval-0.9.13.zip",
      "sha256": "191591b4da84aad32e01a96be0c989ba1a96ffe3be15b28cdd2152eb6927bced"
    },
    {
      "id": "script.skinshortcuts",
      "version": "2.1.0",
      "url": "https://github.com/AchillesPunks/repository.titan.bingie.mod/raw/d9f334ecc33c7d0e137dd1728af18815c512e577/omega/script.skinshortcuts/script.skinshortcuts-2.1.0.zip",
      "sha256": "865ee5ea5bf0accee27b82539caabce1c8a9fbb8f94b2900fe5ace4f82c80b23"
    },
    {
      "id": "script.module.simplecache",
      "version": "2.0.2",
      "url": "https://github.com/AchillesPunks/repository.titan.bingie.mod/raw/d9f334ecc33c7d0e137dd1728af18815c512e577/omega/script.module.simplecache/script.module.simplecache-2.0.2.zip",
      "sha256": "73bce59707c877d01be91cf325ad2c3d3d698c2c7090ed4718f35a2e4ed175ed"
    },
    {
      "id": "script.module.certifi",
      "version": "2023.5.7",
      "url": "https://mirrors.kodi.tv/addons/omega/script.module.certifi/script.module.certifi-2023.5.7.zip",
      "sha256": "c16d4cd2efe6e57dbb5e8d71a9beb3af213b1e3d717e8b0b24f0cbdc4c645070"
    },
    {
      "id": "script.module.chardet",
      "version": "5.1.0",
      "url": "https://mirrors.kodi.tv/addons/omega/script.module.chardet/script.module.chardet-5.1.0.zip",
      "sha256": "d5010fc55a9523d86a306ae9e6a8dea0e3248fe079b9ed37280fe86110cd766a"
    },
    {
      "id": "script.module.idna",
      "version": "3.10.0",
      "url": "https://mirrors.kodi.tv/addons/omega/script.module.idna/script.module.idna-3.10.0.zip",
      "sha256": "c4ff34dbfab2736e9214a374d331bd6f558d8b3fea8eb7902e210749509242b3"
    },
    {
      "id": "script.module.urllib3",
      "version": "2.2.3",
      "url": "https://mirrors.kodi.tv/addons/omega/script.module.urllib3/script.module.urllib3-2.2.3.zip",
      "sha256": "740b2d63bb50eee9fb35f01c567ec8d3588c5bbd548e2b8d280932be30d82f53"
    },
    {
      "id": "script.module.requests",
      "version": "2.31.0",
      "url": "https://mirrors.kodi.tv/addons/omega/script.module.requests/script.module.requests-2.31.0.zip",
      "sha256": "a5704f0fd7afb4154e1beea9b5f05a002bcd75fa581a1e5fd15ece39bf2bd38a"
    },
    {
      "id": "script.module.soupsieve",
      "version": "2.4.1",
      "url": "https://mirrors.kodi.tv/addons/omega/script.module.soupsieve/script.module.soupsieve-2.4.1.zip",
      "sha256": "dd8c8f17c3c8e8a87b700d2c076f6771a81b08e3ba313bb5c64ddc1500788d8b"
    },
    {
      "id": "script.module.beautifulsoup4",
      "version": "4.12.2",
      "url": "https://mirrors.kodi.tv/addons/omega/script.module.beautifulsoup4/script.module.beautifulsoup4-4.12.2.zip",
      "sha256": "20e7e56c9f2575bc3977b7d1c875a4a56163b789a4c088a561d988f4c64fd3cd"
    },
    {
      "id": "script.module.six",
      "version": "1.16.0+matrix.1",
      "url": "https://mirrors.kodi.tv/addons/omega/script.module.six/script.module.six-1.16.0+matrix.1.zip",
      "sha256": "4197f7773f75ab9f16b3c920195acbb8b8b151b4b3c8c3e14fc4876e764e3860"
    },
    {
      "id": "script.module.dateutil",
      "version": "2.8.2",
      "url": "https://mirrors.kodi.tv/addons/omega/script.module.dateutil/script.module.dateutil-2.8.2.zip",
      "sha256": "4f264a82986bcdd6880a73a894b263a7750e3e4f2b27a0f511bf82347ac5b2db"
    },
    {
      "id": "script.module.typing_extensions",
      "version": "4.7.1",
      "url": "https://mirrors.kodi.tv/addons/omega/script.module.typing_extensions/script.module.typing_extensions-4.7.1.zip",
      "sha256": "669f1fd9d149ece899eb88462d95b3ab6bb54c19fce6d3b58c61152d1135d66e"
    },
    {
      "id": "script.module.arrow",
      "version": "1.2.3",
      "url": "https://mirrors.kodi.tv/addons/omega/script.module.arrow/script.module.arrow-1.2.3.zip",
      "sha256": "03d59458d1b4f7f313752fd070adf013e8d074ee43ec49a1b9bc46ccb00ceeec"
    },
    {
      "id": "script.module.thetvdb",
      "version": "1.0.34",
      "url": "https://github.com/AchillesPunks/repository.titan.bingie.mod/raw/d9f334ecc33c7d0e137dd1728af18815c512e577/omega/script.module.thetvdb/script.module.thetvdb-1.0.34.zip",
      "sha256": "3914dab00286f65e9e3e08a8b08278a5a2bc9851c7ab3a85270d9acd92ca0ddb"
    },
    {
      "id": "script.module.musicbrainz",
      "version": "0.7.0",
      "url": "https://github.com/AchillesPunks/repository.titan.bingie.mod/raw/d9f334ecc33c7d0e137dd1728af18815c512e577/omega/script.module.musicbrainz/script.module.musicbrainz-0.7.0.zip",
      "sha256": "cb33a0324d6bd373f19ff532e31986974a17276c73c96835e10b0dc76283fc0b"
    },
    {
      "id": "script.module.infotagger",
      "version": "0.0.8",
      "url": "https://github.com/AchillesPunks/repository.titan.bingie.mod/raw/d9f334ecc33c7d0e137dd1728af18815c512e577/omega/script.module.infotagger/script.module.infotagger-0.0.8.zip",
      "sha256": "4d363679ae09f9e0bf3eb3d71447b6623703adf57fb9ea28ed74d812e24d9721"
    },
    {
      "id": "script.module.metadatautils",
      "version": "1.30.0",
      "url": "https://github.com/AchillesPunks/repository.titan.bingie.mod/raw/d9f334ecc33c7d0e137dd1728af18815c512e577/omega/script.module.metadatautils/script.module.metadatautils-1.30.0.zip",
      "sha256": "fcb85f43e624c14b84d27f7b83f897245887a1ffcd4b63d9fee81b3eb77858f2"
    },
    {
      "id": "script.skin.helper.service",
      "version": "1.30.0",
      "url": "https://github.com/AchillesPunks/repository.titan.bingie.mod/raw/d9f334ecc33c7d0e137dd1728af18815c512e577/omega/script.skin.helper.service/script.skin.helper.service-1.30.0.zip",
      "sha256": "25e4345be54a63ff75a7e2c909f437e1e29194be2132c59c679d7d2458d44933"
    },
    {
      "id": "script.skin.helper.widgets",
      "version": "1.30.0",
      "url": "https://github.com/AchillesPunks/repository.titan.bingie.mod/raw/d9f334ecc33c7d0e137dd1728af18815c512e577/omega/script.skin.helper.widgets/script.skin.helper.widgets-1.30.0.zip",
      "sha256": "4da8dd320ece708042bc2b41f36853c09e6eb6ea0f95956385867705f82b5376"
    },
    {
      "id": "script.skin.helper.backgrounds",
      "version": "1.0.36",
      "url": "https://github.com/AchillesPunks/repository.titan.bingie.mod/raw/d9f334ecc33c7d0e137dd1728af18815c512e577/omega/script.skin.helper.backgrounds/script.skin.helper.backgrounds-1.0.36.zip",
      "sha256": "87a1bdd9f08b5f8a90636f2496ca69fa19b40e059e12e4a1230c8bc1ac03dc07"
    },
    {
      "id": "resource.images.skinbackgrounds.titanium",
      "version": "1.0.0",
      "url": "https://github.com/AchillesPunks/repository.titan.bingie.mod/raw/d9f334ecc33c7d0e137dd1728af18815c512e577/omega/resource.images.skinbackgrounds.titanium/resource.images.skinbackgrounds.titanium-1.0.0.zip",
      "sha256": "1be179695e9fbe0ef231bdf0c89aec279f18bb472695bf4998e0c20a15dfb9b3"
    },
    {
      "id": "resource.images.skinicons.wide",
      "version": "1.0.5",
      "url": "https://github.com/AchillesPunks/repository.titan.bingie.mod/raw/d9f334ecc33c7d0e137dd1728af18815c512e577/omega/resource.images.skinicons.wide/resource.images.skinicons.wide-1.0.5.zip",
      "sha256": "1b4469973407cc46eb80d227877cdac5f755fcb562c2b0f9129a149e1d73596d"
    },
    {
      "id": "resource.images.backgroundoverlays.basic",
      "version": "1.0.0",
      "url": "https://github.com/AchillesPunks/repository.titan.bingie.mod/raw/d9f334ecc33c7d0e137dd1728af18815c512e577/omega/resource.images.backgroundoverlays.basic/resource.images.backgroundoverlays.basic-1.0.0.zip",
      "sha256": "b59f68d248bb7ef55a8617a30baa2f920d2c303dbeb22cf07132d0180171b865"
    },
    {
      "id": "resource.images.studios.coloured",
      "version": "0.0.24",
      "url": "https://mirrors.kodi.tv/addons/omega/resource.images.studios.coloured/resource.images.studios.coloured-0.0.24.zip",
      "sha256": "de985b7c671e1f171f8ac8a71a9f24f035ffabebaeee3c3a173e570d8b3c50d6"
    },
    {
      "id": "script.module.addon.signals",
      "version": "0.0.6+matrix.1",
      "url": "https://mirrors.kodi.tv/addons/omega/script.module.addon.signals/script.module.addon.signals-0.0.6+matrix.1.zip",
      "sha256": "a41629f328429d08d79ef3c8b59c93d6f4c06b1a6e76806babd44f2457a9a1fb"
    },
    {
      "id": "script.module.jurialmunkey",
      "version": "0.2.28",
      "url": "https://github.com/AchillesPunks/repository.titan.bingie.mod/raw/d9f334ecc33c7d0e137dd1728af18815c512e577/omega/script.module.jurialmunkey/script.module.jurialmunkey-0.2.28.zip",
      "sha256": "f4baba454a384d3d7b94eb6bec31dc6d0bfa5962440f6d6ecfb466107df7000b"
    },
    {
      "id": "plugin.video.themoviedb.helper",
      "version": "5.4.16",
      "url": "https://github.com/AchillesPunks/repository.titan.bingie.mod/raw/d9f334ecc33c7d0e137dd1728af18815c512e577/omega/plugin.video.themoviedb.helper/plugin.video.themoviedb.helper-5.4.16.zip",
      "sha256": "33ea8279bb6cb98eb2ff05f9fb09b6509bbc8ada24ee81f740423c2bb86d7aa1"
    },
    {
      "id": "script.module.autocompletion",
      "version": "2.1.1",
      "url": "https://mirrors.kodi.tv/addons/omega/script.module.autocompletion/script.module.autocompletion-2.1.1.zip",
      "sha256": "e26bbc0550534f765a2a4cf82d9359142fd7b6cf97a5d6fe9ab575681899eb83"
    },
    {
      "id": "plugin.program.autocompletion",
      "version": "2.1.2",
      "url": "https://mirrors.kodi.tv/addons/omega/plugin.program.autocompletion/plugin.program.autocompletion-2.1.2.zip",
      "sha256": "0432e06967bef696ab34298d46c23143fdfde5ed30c98a1854e89b868d5d669a"
    },
    {
      "id": "inputstream.adaptive",
      "version": "21.5.22",
      "variants": {
        "armeabi-v7a": {
          "url": "https://mirrors.kodi.tv/addons/omega/inputstream.adaptive+android-armv7/inputstream.adaptive-21.5.22.zip",
          "sha256": "20666962c63439b10b23df58a70af66fef6104ad15c6e13f04e67e58a2de36c3"
        },
        "arm64-v8a": {
          "url": "https://mirrors.kodi.tv/addons/omega/inputstream.adaptive+android-aarch64/inputstream.adaptive-21.5.22.zip",
          "sha256": "8b8353d27d12c1c5540b7be145ece072c5c2b6e7c160b44e7d708a9acedc926c"
        }
      }
    },
    {
      "id": "plugin.video.youtube",
      "version": "7.4.4",
      "url": "https://mirrors.kodi.tv/addons/omega/plugin.video.youtube/plugin.video.youtube-7.4.4.zip",
      "sha256": "d744e5ba2d2b50924a9fa5624f4d209c2be95b97ef1ad1682cafbed160fb428f"
    },
    {
      "id": "skin.starlane.movies",
      "version": "2.2.22",
      "url": "https://github.com/rjclark99/starlanemeridian/releases/download/v0.5.9-test/skin.starlane.movies-2.2.22.zip",
      "sha256": "2342155764da3cbf8ad3d0cafa1df5c01629011f542f138f12ea316bbb798a2c"
    },
    {
      "id": "script.module.cocoscrapers",
      "version": "1.0.39",
      "url": "https://github.com/not-coco-joe/repository.cocoscrapers/raw/3b313077fc8e645f295bf5e4d44f8c34f9427fe7/zips/script.module.cocoscrapers/script.module.cocoscrapers-1.0.39.zip",
      "sha256": "c6de1ad7ae612fe22a5b102504b9b6f7cebe8fe961de321bdae86b5dced5af59"
    },
    {
      "id": "plugin.video.umbrella",
      "version": "6.7.81.5",
      "url": "https://github.com/rjclark99/starlanemeridian/releases/download/v0.5.11-test/plugin.video.umbrella-6.7.81.5.zip",
      "sha256": "f06266e02c56800716bf7e50eba570f40c33e2637c5abdca55353f8524710996"
    }
  ]
}
